
Microsoft Visual Studio Solution File, Format Version 12.00
# Visual Studio Version 17
VisualStudioVersion = 17.3.32611.2
MinimumVisualStudioVersion = 10.0.40219.1
Project("{9A19103F-16F7-4668-BE54-9A1E7A4F7556}") = "Suggestion.Client", "Suggestion.Client\Suggestion.Client.csproj", "{B033B340-E579-43D0-B8A1-89FA2CDCB16C}"
EndProject
Project("{9A19103F-16F7-4668-BE54-9A1E7A4F7556}") = "Suggestion.Server", "Suggestion.Server\Suggestion.Server.csproj", "{809E2E10-F2E7-4F8D-A7AF-BF95D5D0094C}"
EndProject
Project("{9A19103F-16F7-4668-BE54-9A1E7A4F7556}") = "Suggestion.UI.Shared", "Suggestion.UI.Shared\Suggestion.UI.Shared.csproj", "{5C28CD99-D323-4803-8DE7-3B0846D8E99F}"
EndProject
Project("{9A19103F-16F7-4668-BE54-9A1E7A4F7556}") = "Suggestion.BL", "Suggestion.BL\Suggestion.BL.csproj", "{A00ADB4F-7C2C-4E05-B602-A364A91E1C29}"
EndProject
Project("{9A19103F-16F7-4668-BE54-9A1E7A4F7556}") = "Suggestion.DAL", "Suggestion.DAL\Suggestion.DAL.csproj", "{7C37E730-0BBD-48E9-8BB1-8EC8CFC835EF}"
EndProject
Project("{2150E333-8FDC-42A3-9474-1A3956D46DE8}") = "Solution Items", "Solution Items", "{D74DDF72-F4F4-4A69-A136-0D06C2E68E0B}"
	ProjectSection(SolutionItems) = preProject
		ReadMe.txt = ReadMe.txt
		template.html = template.html
	EndProjectSection
EndProject
Project("{9A19103F-16F7-4668-BE54-9A1E7A4F7556}") = "Suggestion.Shared.Model", "Suggestion.Shared.Model\Suggestion.Shared.Model.csproj", "{28EBC81C-F0CA-4D41-AB08-9AC19AF2D3E5}"
EndProject
Global
	GlobalSection(SolutionConfigurationPlatforms) = preSolution
		Debug|Any CPU = Debug|Any CPU
		Release|Any CPU = Release|Any CPU
	EndGlobalSection
	GlobalSection(ProjectConfigurationPlatforms) = postSolution
		{B033B340-E579-43D0-B8A1-89FA2CDCB16C}.Debug|Any CPU.ActiveCfg = Debug|Any CPU
		{B033B340-E579-43D0-B8A1-89FA2CDCB16C}.Debug|Any CPU.Build.0 = Debug|Any CPU
		{B033B340-E579-43D0-B8A1-89FA2CDCB16C}.Release|Any CPU.ActiveCfg = Release|Any CPU
		{B033B340-E579-43D0-B8A1-89FA2CDCB16C}.Release|Any CPU.Build.0 = Release|Any CPU
		{809E2E10-F2E7-4F8D-A7AF-BF95D5D0094C}.Debug|Any CPU.ActiveCfg = Debug|Any CPU
		{809E2E10-F2E7-4F8D-A7AF-BF95D5D0094C}.Debug|Any CPU.Build.0 = Debug|Any CPU
		{809E2E10-F2E7-4F8D-A7AF-BF95D5D0094C}.Release|Any CPU.ActiveCfg = Release|Any CPU
		{809E2E10-F2E7-4F8D-A7AF-BF95D5D0094C}.Release|Any CPU.Build.0 = Release|Any CPU
		{5C28CD99-D323-4803-8DE7-3B0846D8E99F}.Debug|Any CPU.ActiveCfg = Debug|Any CPU
		{5C28CD99-D323-4803-8DE7-3B0846D8E99F}.Debug|Any CPU.Build.0 = Debug|Any CPU
		{5C28CD99-D323-4803-8DE7-3B0846D8E99F}.Release|Any CPU.ActiveCfg = Release|Any CPU
		{5C28CD99-D323-4803-8DE7-3B0846D8E99F}.Release|Any CPU.Build.0 = Release|Any CPU
		{A00ADB4F-7C2C-4E05-B602-A364A91E1C29}.Debug|Any CPU.ActiveCfg = Debug|Any CPU
		{A00ADB4F-7C2C-4E05-B602-A364A91E1C29}.Debug|Any CPU.Build.0 = Debug|Any CPU
		{A00ADB4F-7C2C-4E05-B602-A364A91E1C29}.Release|Any CPU.ActiveCfg = Release|Any CPU
		{A00ADB4F-7C2C-4E05-B602-A364A91E1C29}.Release|Any CPU.Build.0 = Release|Any CPU
		{7C37E730-0BBD-48E9-8BB1-8EC8CFC835EF}.Debug|Any CPU.ActiveCfg = Debug|Any CPU
		{7C37E730-0BBD-48E9-8BB1-8EC8CFC835EF}.Debug|Any CPU.Build.0 = Debug|Any CPU
		{7C37E730-0BBD-48E9-8BB1-8EC8CFC835EF}.Release|Any CPU.ActiveCfg = Release|Any CPU
		{7C37E730-0BBD-48E9-8BB1-8EC8CFC835EF}.Release|Any CPU.Build.0 = Release|Any CPU
		{28EBC81C-F0CA-4D41-AB08-9AC19AF2D3E5}.Debug|Any CPU.ActiveCfg = Debug|Any CPU
		{28EBC81C-F0CA-4D41-AB08-9AC19AF2D3E5}.Debug|Any CPU.Build.0 = Debug|Any CPU
		{28EBC81C-F0CA-4D41-AB08-9AC19AF2D3E5}.Release|Any CPU.ActiveCfg = Release|Any CPU
		{28EBC81C-F0CA-4D41-AB08-9AC19AF2D3E5}.Release|Any CPU.Build.0 = Release|Any CPU
	EndGlobalSection
	GlobalSection(SolutionProperties) = preSolution
		HideSolutionNode = FALSE
	EndGlobalSection
	GlobalSection(ExtensibilityGlobals) = postSolution
		SolutionGuid = {EEFF3DA5-8310-49F1-B36E-8ADF2FF1D130}
	EndGlobalSection
EndGlobal
